
Microsoft Visual Studio Solution File, Format Version 12.00
# Visual Studio Version 17
VisualStudioVersion = 17.9.34723.18
MinimumVisualStudioVersion = 10.0.40219.1
Project("{FAE04EC0-301F-11D3-BF4B-00C04F79EFBC}") = "APIWorkshop", "APIWorkshop.csproj", "{77366B78-2003-4A7C-B994-7019C1B663A2}"
EndProject
Project("{FAE04EC0-301F-11D3-BF4B-00C04F79EFBC}") = "DomainDAL", "..\DomainDAL\DomainDAL.csproj", "{16B78A82-E6CC-4680-B2A9-B53612977EEE}"
EndProject
Global
	GlobalSection(SolutionConfigurationPlatforms) = preSolution
		Debug|Any CPU = Debug|Any CPU
		Release|Any CPU = Release|Any CPU
	EndGlobalSection
	GlobalSection(ProjectConfigurationPlatforms) = postSolution
		{77366B78-2003-4A7C-B994-7019C1B663A2}.Debug|Any CPU.ActiveCfg = Debug|Any CPU
		{77366B78-2003-4A7C-B994-7019C1B663A2}.Debug|Any CPU.Build.0 = Debug|Any CPU
		{77366B78-2003-4A7C-B994-7019C1B663A2}.Release|Any CPU.ActiveCfg = Release|Any CPU
		{77366B78-2003-4A7C-B994-7019C1B663A2}.Release|Any CPU.Build.0 = Release|Any CPU
		{16B78A82-E6CC-4680-B2A9-B53612977EEE}.Debug|Any CPU.ActiveCfg = Debug|Any CPU
		{16B78A82-E6CC-4680-B2A9-B53612977EEE}.Debug|Any CPU.Build.0 = Debug|Any CPU
		{16B78A82-E6CC-4680-B2A9-B53612977EEE}.Release|Any CPU.ActiveCfg = Release|Any CPU
		{16B78A82-E6CC-4680-B2A9-B53612977EEE}.Release|Any CPU.Build.0 = Release|Any CPU
	EndGlobalSection
	GlobalSection(SolutionProperties) = preSolution
		HideSolutionNode = FALSE
	EndGlobalSection
	GlobalSection(ExtensibilityGlobals) = postSolution
		SolutionGuid = {6751D032-ABF2-45CE-8C46-7699C10CC3E0}
	EndGlobalSection
EndGlobal
