
Microsoft Visual Studio Solution File, Format Version 12.00
# Visual Studio Version 17
VisualStudioVersion = 17.9.34723.18
MinimumVisualStudioVersion = 10.0.40219.1
Project("{FAE04EC0-301F-11D3-BF4B-00C04F79EFBC}") = "workshop4", "workshop4.csproj", "{EB6CBED6-8B12-4378-AB8D-C4E26A618756}"
EndProject
Global
	GlobalSection(SolutionConfigurationPlatforms) = preSolution
		Debug|Any CPU = Debug|Any CPU
		Release|Any CPU = Release|Any CPU
	EndGlobalSection
	GlobalSection(ProjectConfigurationPlatforms) = postSolution
		{EB6CBED6-8B12-4378-AB8D-C4E26A618756}.Debug|Any CPU.ActiveCfg = Debug|Any CPU
		{EB6CBED6-8B12-4378-AB8D-C4E26A618756}.Debug|Any CPU.Build.0 = Debug|Any CPU
		{EB6CBED6-8B12-4378-AB8D-C4E26A618756}.Release|Any CPU.ActiveCfg = Release|Any CPU
		{EB6CBED6-8B12-4378-AB8D-C4E26A618756}.Release|Any CPU.Build.0 = Release|Any CPU
	EndGlobalSection
	GlobalSection(SolutionProperties) = preSolution
		HideSolutionNode = FALSE
	EndGlobalSection
	GlobalSection(ExtensibilityGlobals) = postSolution
		SolutionGuid = {35F2591C-F2EB-4964-9879-E88822E4CB76}
	EndGlobalSection
EndGlobal
