
Microsoft Visual Studio Solution File, Format Version 12.00
# Visual Studio Version 17
VisualStudioVersion = 17.9.34723.18
MinimumVisualStudioVersion = 10.0.40219.1
Project("{FAE04EC0-301F-11D3-BF4B-00C04F79EFBC}") = "Sample", "Sample.csproj", "{0F0B26AD-1131-415B-A1EA-12DB8B79E5A2}"
EndProject
Global
	GlobalSection(SolutionConfigurationPlatforms) = preSolution
		Debug|Any CPU = Debug|Any CPU
		Release|Any CPU = Release|Any CPU
	EndGlobalSection
	GlobalSection(ProjectConfigurationPlatforms) = postSolution
		{0F0B26AD-1131-415B-A1EA-12DB8B79E5A2}.Debug|Any CPU.ActiveCfg = Debug|Any CPU
		{0F0B26AD-1131-415B-A1EA-12DB8B79E5A2}.Debug|Any CPU.Build.0 = Debug|Any CPU
		{0F0B26AD-1131-415B-A1EA-12DB8B79E5A2}.Release|Any CPU.ActiveCfg = Release|Any CPU
		{0F0B26AD-1131-415B-A1EA-12DB8B79E5A2}.Release|Any CPU.Build.0 = Release|Any CPU
	EndGlobalSection
	GlobalSection(SolutionProperties) = preSolution
		HideSolutionNode = FALSE
	EndGlobalSection
	GlobalSection(ExtensibilityGlobals) = postSolution
		SolutionGuid = {FA5E6830-7C9C-4506-B67B-0FDD8A69B39B}
	EndGlobalSection
EndGlobal
