
Microsoft Visual Studio Solution File, Format Version 12.00
# Visual Studio Version 17
VisualStudioVersion = 17.9.34723.18
MinimumVisualStudioVersion = 10.0.40219.1
Project("{FAE04EC0-301F-11D3-BF4B-00C04F79EFBC}") = "AdminWebAPI", "AdminWebAPI.csproj", "{CC246C0A-FE23-417A-9E13-EE4E2D1594F3}"
EndProject
Global
	GlobalSection(SolutionConfigurationPlatforms) = preSolution
		Debug|Any CPU = Debug|Any CPU
		Release|Any CPU = Release|Any CPU
	EndGlobalSection
	GlobalSection(ProjectConfigurationPlatforms) = postSolution
		{CC246C0A-FE23-417A-9E13-EE4E2D1594F3}.Debug|Any CPU.ActiveCfg = Debug|Any CPU
		{CC246C0A-FE23-417A-9E13-EE4E2D1594F3}.Debug|Any CPU.Build.0 = Debug|Any CPU
		{CC246C0A-FE23-417A-9E13-EE4E2D1594F3}.Release|Any CPU.ActiveCfg = Release|Any CPU
		{CC246C0A-FE23-417A-9E13-EE4E2D1594F3}.Release|Any CPU.Build.0 = Release|Any CPU
	EndGlobalSection
	GlobalSection(SolutionProperties) = preSolution
		HideSolutionNode = FALSE
	EndGlobalSection
	GlobalSection(ExtensibilityGlobals) = postSolution
		SolutionGuid = {1A453FFF-DDF2-41E9-8416-E74CEB46EE4A}
	EndGlobalSection
EndGlobal
